
Microsoft Visual Studio Solution File, Format Version 12.00
# Visual Studio Version 16
VisualStudioVersion = 16.0.31605.320
MinimumVisualStudioVersion = 10.0.40219.1
Project("{FAE04EC0-301F-11D3-BF4B-00C04F79EFBC}") = "PaperVision_Migration", "PaperVision_Migration.csproj", "{0624D79C-F4B7-4059-B322-D3EA0353F1DF}"
EndProject
Global
	GlobalSection(SolutionConfigurationPlatforms) = preSolution
		Debug|Any CPU = Debug|Any CPU
		Release|Any CPU = Release|Any CPU
	EndGlobalSection
	GlobalSection(ProjectConfigurationPlatforms) = postSolution
		{0624D79C-F4B7-4059-B322-D3EA0353F1DF}.Debug|Any CPU.ActiveCfg = Debug|Any CPU
		{0624D79C-F4B7-4059-B322-D3EA0353F1DF}.Debug|Any CPU.Build.0 = Debug|Any CPU
		{0624D79C-F4B7-4059-B322-D3EA0353F1DF}.Release|Any CPU.ActiveCfg = Release|Any CPU
		{0624D79C-F4B7-4059-B322-D3EA0353F1DF}.Release|Any CPU.Build.0 = Release|Any CPU
	EndGlobalSection
	GlobalSection(SolutionProperties) = preSolution
		HideSolutionNode = FALSE
	EndGlobalSection
	GlobalSection(ExtensibilityGlobals) = postSolution
		SolutionGuid = {437911F7-BD91-4AF3-B668-00AB8B4DAA59}
	EndGlobalSection
EndGlobal
